
Microsoft Visual Studio Solution File, Format Version 12.00
# Visual Studio Version 16
VisualStudioVersion = 16.0.30114.105
MinimumVisualStudioVersion = 10.0.40219.1
Project("{FAE04EC0-301F-11D3-BF4B-00C04F79EFBC}") = "TestingUtils.MockHttp", "src\TestingUtils.MockHttp.csproj", "{EE15A57F-784E-4F89-A079-F7BE29307E04}"
EndProject
Project("{2150E333-8FDC-42A3-9474-1A3956D46DE8}") = "tests", "tests", "{E06BE2AF-59EB-47B9-B435-814AF007FE6E}"
EndProject
Project("{FAE04EC0-301F-11D3-BF4B-00C04F79EFBC}") = "TestingUtils.MockHttp.Tests.Unit", "tests\unit\TestingUtils.MockHttp.Tests.Unit.csproj", "{049AA2AB-7655-41C6-9BEA-9C99A66E6142}"
EndProject
Global
	GlobalSection(SolutionConfigurationPlatforms) = preSolution
		Debug|Any CPU = Debug|Any CPU
		Release|Any CPU = Release|Any CPU
	EndGlobalSection
	GlobalSection(SolutionProperties) = preSolution
		HideSolutionNode = FALSE
	EndGlobalSection
	GlobalSection(ProjectConfigurationPlatforms) = postSolution
		{EE15A57F-784E-4F89-A079-F7BE29307E04}.Debug|Any CPU.ActiveCfg = Debug|Any CPU
		{EE15A57F-784E-4F89-A079-F7BE29307E04}.Debug|Any CPU.Build.0 = Debug|Any CPU
		{EE15A57F-784E-4F89-A079-F7BE29307E04}.Release|Any CPU.ActiveCfg = Release|Any CPU
		{EE15A57F-784E-4F89-A079-F7BE29307E04}.Release|Any CPU.Build.0 = Release|Any CPU
		{049AA2AB-7655-41C6-9BEA-9C99A66E6142}.Debug|Any CPU.ActiveCfg = Debug|Any CPU
		{049AA2AB-7655-41C6-9BEA-9C99A66E6142}.Debug|Any CPU.Build.0 = Debug|Any CPU
		{049AA2AB-7655-41C6-9BEA-9C99A66E6142}.Release|Any CPU.ActiveCfg = Release|Any CPU
		{049AA2AB-7655-41C6-9BEA-9C99A66E6142}.Release|Any CPU.Build.0 = Release|Any CPU
	EndGlobalSection
	GlobalSection(NestedProjects) = preSolution
		{049AA2AB-7655-41C6-9BEA-9C99A66E6142} = {E06BE2AF-59EB-47B9-B435-814AF007FE6E}
	EndGlobalSection
EndGlobal
